
Microsoft Visual Studio Solution File, Format Version 12.00
# Visual Studio Version 17
VisualStudioVersion = 17.10.35004.147
MinimumVisualStudioVersion = 10.0.40219.1
Project("{FAE04EC0-301F-11D3-BF4B-00C04F79EFBC}") = "bai17_FormatTevt", "bai17_FormatTevt.csproj", "{A1AA454A-A79A-4940-BFF5-22EB8C0D4DD6}"
EndProject
Global
	GlobalSection(SolutionConfigurationPlatforms) = preSolution
		Debug|Any CPU = Debug|Any CPU
		Release|Any CPU = Release|Any CPU
	EndGlobalSection
	GlobalSection(ProjectConfigurationPlatforms) = postSolution
		{A1AA454A-A79A-4940-BFF5-22EB8C0D4DD6}.Debug|Any CPU.ActiveCfg = Debug|Any CPU
		{A1AA454A-A79A-4940-BFF5-22EB8C0D4DD6}.Debug|Any CPU.Build.0 = Debug|Any CPU
		{A1AA454A-A79A-4940-BFF5-22EB8C0D4DD6}.Release|Any CPU.ActiveCfg = Release|Any CPU
		{A1AA454A-A79A-4940-BFF5-22EB8C0D4DD6}.Release|Any CPU.Build.0 = Release|Any CPU
	EndGlobalSection
	GlobalSection(SolutionProperties) = preSolution
		HideSolutionNode = FALSE
	EndGlobalSection
	GlobalSection(ExtensibilityGlobals) = postSolution
		SolutionGuid = {D24E8DD8-5790-4646-8452-960F0572831B}
	EndGlobalSection
EndGlobal
